
Microsoft Visual Studio Solution File, Format Version 12.00
# Visual Studio Version 17
VisualStudioVersion = 17.7.34031.279
MinimumVisualStudioVersion = 10.0.40219.1
Project("{FAE04EC0-301F-11D3-BF4B-00C04F79EFBC}") = "ApartmentManagement", "ApartmentManagement\ApartmentManagement.csproj", "{747919EB-C931-4010-8CB9-A70105E6AF8F}"
EndProject
Global
	GlobalSection(SolutionConfigurationPlatforms) = preSolution
		Debug|Any CPU = Debug|Any CPU
		Release|Any CPU = Release|Any CPU
	EndGlobalSection
	GlobalSection(ProjectConfigurationPlatforms) = postSolution
		{747919EB-C931-4010-8CB9-A70105E6AF8F}.Debug|Any CPU.ActiveCfg = Debug|Any CPU
		{747919EB-C931-4010-8CB9-A70105E6AF8F}.Debug|Any CPU.Build.0 = Debug|Any CPU
		{747919EB-C931-4010-8CB9-A70105E6AF8F}.Release|Any CPU.ActiveCfg = Release|Any CPU
		{747919EB-C931-4010-8CB9-A70105E6AF8F}.Release|Any CPU.Build.0 = Release|Any CPU
	EndGlobalSection
	GlobalSection(SolutionProperties) = preSolution
		HideSolutionNode = FALSE
	EndGlobalSection
	GlobalSection(ExtensibilityGlobals) = postSolution
		SolutionGuid = {BAABA065-5020-4EA4-81BC-556F04EF6401}
	EndGlobalSection
EndGlobal
